
Microsoft Visual Studio Solution File, Format Version 12.00
# Visual Studio Version 17
VisualStudioVersion = 17.0.32112.339
MinimumVisualStudioVersion = 10.0.40219.1
Project("{FAE04EC0-301F-11D3-BF4B-00C04F79EFBC}") = "RevitAPITraining_lab6.1", "RevitAPITraining_lab6.1\RevitAPITraining_lab6.1.csproj", "{88B8912C-2A13-4639-B585-653C024B7224}"
EndProject
Project("{FAE04EC0-301F-11D3-BF4B-00C04F79EFBC}") = "RevitAPITrainingLibrary", "..\RevitAPITrainingLibrary\RevitAPITrainingLibrary\RevitAPITrainingLibrary.csproj", "{7C682948-DDB0-4BAE-A93F-DE4A1778743F}"
EndProject
Global
	GlobalSection(SolutionConfigurationPlatforms) = preSolution
		Debug|Any CPU = Debug|Any CPU
		Release|Any CPU = Release|Any CPU
	EndGlobalSection
	GlobalSection(ProjectConfigurationPlatforms) = postSolution
		{88B8912C-2A13-4639-B585-653C024B7224}.Debug|Any CPU.ActiveCfg = Debug|Any CPU
		{88B8912C-2A13-4639-B585-653C024B7224}.Debug|Any CPU.Build.0 = Debug|Any CPU
		{88B8912C-2A13-4639-B585-653C024B7224}.Release|Any CPU.ActiveCfg = Release|Any CPU
		{88B8912C-2A13-4639-B585-653C024B7224}.Release|Any CPU.Build.0 = Release|Any CPU
		{7C682948-DDB0-4BAE-A93F-DE4A1778743F}.Debug|Any CPU.ActiveCfg = Debug|Any CPU
		{7C682948-DDB0-4BAE-A93F-DE4A1778743F}.Debug|Any CPU.Build.0 = Debug|Any CPU
		{7C682948-DDB0-4BAE-A93F-DE4A1778743F}.Release|Any CPU.ActiveCfg = Release|Any CPU
		{7C682948-DDB0-4BAE-A93F-DE4A1778743F}.Release|Any CPU.Build.0 = Release|Any CPU
	EndGlobalSection
	GlobalSection(SolutionProperties) = preSolution
		HideSolutionNode = FALSE
	EndGlobalSection
	GlobalSection(ExtensibilityGlobals) = postSolution
		SolutionGuid = {44268E9C-CED6-42E8-84EF-E2438BB4D71E}
	EndGlobalSection
EndGlobal
